// !$*UTF8*$!
{
	archiveVersion = 1;
	classes = {
	};
	objectVersion = 46;
	objects = {

/* Begin PBXBuildFile section */
		21419D5A1BF0826200CC145D /* main.m in Sources */ = {isa = PBXBuildFile; fileRef = 21419D591BF0826200CC145D /* main.m */; };
		21419D5D1BF0826200CC145D /* AppDelegate.m in Sources */ = {isa = PBXBuildFile; fileRef = 21419D5C1BF0826200CC145D /* AppDelegate.m */; };
		21419D601BF0826200CC145D /* ViewController.m in Sources */ = {isa = PBXBuildFile; fileRef = 21419D5F1BF0826200CC145D /* ViewController.m */; };
		21419D631BF0826200CC145D /* Main.storyboard in Resources */ = {isa = PBXBuildFile; fileRef = 21419D611BF0826200CC145D /* Main.storyboard */; };
		21419D651BF0826200CC145D /* Images.xcassets in Resources */ = {isa = PBXBuildFile; fileRef = 21419D641BF0826200CC145D /* Images.xcassets */; };
		21419D681BF0826200CC145D /* LaunchScreen.xib in Resources */ = {isa = PBXBuildFile; fileRef = 21419D661BF0826200CC145D /* LaunchScreen.xib */; };
		21419D741BF0826200CC145D /* testTests.m in Sources */ = {isa = PBXBuildFile; fileRef = 21419D731BF0826200CC145D /* testTests.m */; };
/* End PBXBuildFile section */

/* Begin PBXContainerItemProxy section */
		21419D6E1BF0826200CC145D /* PBXContainerItemProxy */ = {
			isa = PBXContainerItemProxy;
			containerPortal = 21419D4C1BF0826200CC145D /* Project object */;
			proxyType = 1;
			remoteGlobalIDString = 21419D531BF0826200CC145D;
			remoteInfo = test;
		};
/* End PBXContainerItemProxy section */

/* Begin PBXFileReference section */
		21419D541BF0826200CC145D /* test.app */ = {isa = PBXFileReference; explicitFileType = wrapper.application; includeInIndex = 0; path = test.app; sourceTree = BUILT_PRODUCTS_DIR; };
		21419D581BF0826200CC145D /* Info.plist */ = {isa = PBXFileReference; lastKnownFileType = text.plist.xml; path = Info.plist; sourceTree = "<group>"; };
		21419D591BF0826200CC145D /* main.m */ = {isa = PBXFileReference; lastKnownFileType = sourcecode.c.objc; path = main.m; sourceTree = "<group>"; };
		21419D5B1BF0826200CC145D /* AppDelegate.h */ = {isa = PBXFileReference; lastKnownFileType = sourcecode.c.h; path = AppDelegate.h; sourceTree = "<group>"; };
		21419D5C1BF0826200CC145D /* AppDelegate.m */ = {isa = PBXFileReference; lastKnownFileType = sourcecode.c.objc; path = AppDelegate.m; sourceTree = "<group>"; };
		21419D5E1BF0826200CC145D /* ViewController.h */ = {isa = PBXFileReference; lastKnownFileType = sourcecode.c.h; path = ViewController.h; sourceTree = "<group>"; };
		21419D5F1BF0826200CC145D /* ViewController.m */ = {isa = PBXFileReference; lastKnownFileType = sourcecode.c.objc; path = ViewController.m; sourceTree = "<group>"; };
		21419D621BF0826200CC145D /* Base */ = {isa = PBXFileReference; lastKnownFileType = file.storyboard; name = Base; path = Base.lproj/Main.storyboard; sourceTree = "<group>"; };
		21419D641BF0826200CC145D /* Images.xcassets */ = {isa = PBXFileReference; lastKnownFileType = folder.assetcatalog; path = Images.xcassets; sourceTree = "<group>"; };
		21419D671BF0826200CC145D /* Base */ = {isa = PBXFileReference; lastKnownFileType = file.xib; name = Base; path = Base.lproj/LaunchScreen.xib; sourceTree = "<group>"; };
		21419D6D1BF0826200CC145D /* testTests.xctest */ = {isa = PBXFileReference; explicitFileType = wrapper.cfbundle; includeInIndex = 0; path = testTests.xctest; sourceTree = BUILT_PRODUCTS_DIR; };
		21419D721BF0826200CC145D /* Info.plist */ = {isa = PBXFileReference; lastKnownFileType = text.plist.xml; path = Info.plist; sourceTree = "<group>"; };
		21419D731BF0826200CC145D /* testTests.m */ = {isa = PBXFileReference; lastKnownFileType = sourcecode.c.objc; path = testTests.m; sourceTree = "<group>"; };
/* End PBXFileReference section */

/* Begin PBXFrameworksBuildPhase section */
		21419D511BF0826200CC145D /* Frameworks */ = {
			isa = PBXFrameworksBuildPhase;
			buildActionMask = 2147483647;
			files = (
			);
			runOnlyForDeploymentPostprocessing = 0;
		};
		21419D6A1BF0826200CC145D /* Frameworks */ = {
			isa = PBXFrameworksBuildPhase;
			buildActionMask = 2147483647;
			files = (
			);
			runOnlyForDeploymentPostprocessing = 0;
		};
/* End PBXFrameworksBuildPhase section */

/* Begin PBXGroup section */
		21419D4B1BF0826200CC145D = {
			isa = PBXGroup;
			children = (
				21419D561BF0826200CC145D /* test */,
				21419D701BF0826200CC145D /* testTests */,
				21419D551BF0826200CC145D /* Products */,
			);
			sourceTree = "<group>";
		};
		21419D551BF0826200CC145D /* Products */ = {
			isa = PBXGroup;
			children = (
				21419D541BF0826200CC145D /* test.app */,
				21419D6D1BF0826200CC145D /* testTests.xctest */,
			);
			name = Products;
			sourceTree = "<group>";
		};
		21419D561BF0826200CC145D /* test */ = {
			isa = PBXGroup;
			children = (
				21419D5B1BF0826200CC145D /* AppDelegate.h */,
				21419D5C1BF0826200CC145D /* AppDelegate.m */,
				21419D5E1BF0826200CC145D /* ViewController.h */,
				21419D5F1BF0826200CC145D /* ViewController.m */,
				21419D611BF0826200CC145D /* Main.storyboard */,
				21419D641BF0826200CC145D /* Images.xcassets */,
				21419D661BF0826200CC145D /* LaunchScreen.xib */,
				21419D571BF0826200CC145D /* Supporting Files */,
			);
			path = test;
			sourceTree = "<group>";
		};
		21419D571BF0826200CC145D /* Supporting Files */ = {
			isa = PBXGroup;
			children = (
				21419D581BF0826200CC145D /* Info.plist */,
				21419D591BF0826200CC145D /* main.m */,
			);
			name = "Supporting Files";
			sourceTree = "<group>";
		};
		21419D701BF0826200CC145D /* testTests */ = {
			isa = PBXGroup;
			children = (
				21419D731BF0826200CC145D /* testTests.m */,
				21419D711BF0826200CC145D /* Supporting Files */,
			);
			path = testTests;
			sourceTree = "<group>";
		};
		21419D711BF0826200CC145D /* Supporting Files */ = {
			isa = PBXGroup;
			children = (
				21419D721BF0826200CC145D /* Info.plist */,
			);
			name = "Supporting Files";
			sourceTree = "<group>";
		};
/* End PBXGroup section */

/* Begin PBXNativeTarget section */
		21419D531BF0826200CC145D /* test */ = {
			isa = PBXNativeTarget;
			buildConfigurationList = 21419D771BF0826200CC145D /* Build configuration list for PBXNativeTarget "test" */;
			buildPhases = (
				21419D501BF0826200CC145D /* Sources */,
				21419D511BF0826200CC145D /* Frameworks */,
				21419D521BF0826200CC145D /* Resources */,
			);
			buildRules = (
			);
			dependencies = (
			);
			name = test;
			productName = test;
			productReference = 21419D541BF0826200CC145D /* test.app */;
			productType = "com.apple.product-type.application";
		};
		21419D6C1BF0826200CC145D /* testTests */ = {
			isa = PBXNativeTarget;
			buildConfigurationList = 21419D7A1BF0826200CC145D /* Build configuration list for PBXNativeTarget "testTests" */;
			buildPhases = (
				21419D691BF0826200CC145D /* Sources */,
				21419D6A1BF0826200CC145D /* Frameworks */,
				21419D6B1BF0826200CC145D /* Resources */,
			);
			buildRules = (
			);
			dependencies = (
				21419D6F1BF0826200CC145D /* PBXTargetDependency */,
			);
			name = testTests;
			productName = testTests;
			productReference = 21419D6D1BF0826200CC145D /* testTests.xctest */;
			productType = "com.apple.product-type.bundle.unit-test";
		};
/* End PBXNativeTarget section */

/* Begin PBXProject section */
		21419D4C1BF0826200CC145D /* Project object */ = {
			isa = PBXProject;
			attributes = {
				LastUpgradeCheck = 0640;
				ORGANIZATIONNAME = "许赞";
				TargetAttributes = {
					21419D531BF0826200CC145D = {
						CreatedOnToolsVersion = 6.4;
					};
					21419D6C1BF0826200CC145D = {
						CreatedOnToolsVersion = 6.4;
						TestTargetID = 21419D531BF0826200CC145D;
					};
				};
			};
			buildConfigurationList = 21419D4F1BF0826200CC145D /* Build configuration list for PBXProject "test" */;
			compatibilityVersion = "Xcode 3.2";
			developmentRegion = English;
			hasScannedForEncodings = 0;
			knownRegions = (
				en,
				Base,
			);
			mainGroup = 21419D4B1BF0826200CC145D;
			productRefGroup = 21419D551BF0826200CC145D /* Products */;
			projectDirPath = "";
			projectRoot = "";
			targets = (
				21419D531BF0826200CC145D /* test */,
				21419D6C1BF0826200CC145D /* testTests */,
			);
		};
/* End PBXProject section */

/* Begin PBXResourcesBuildPhase section */
		21419D521BF0826200CC145D /* Resources */ = {
			isa = PBXResourcesBuildPhase;
			buildActionMask = 2147483647;
			files = (
				21419D631BF0826200CC145D /* Main.storyboard in Resources */,
				21419D681BF0826200CC145D /* LaunchScreen.xib in Resources */,
				21419D651BF0826200CC145D /* Images.xcassets in Resources */,
			);
			runOnlyForDeploymentPostprocessing = 0;
		};
		21419D6B1BF0826200CC145D /* Resources */ = {
			isa = PBXResourcesBuildPhase;
			buildActionMask = 2147483647;
			files = (
			);
			runOnlyForDeploymentPostprocessing = 0;
		};
/* End PBXResourcesBuildPhase section */

/* Begin PBXSourcesBuildPhase section */
		21419D501BF0826200CC145D /* Sources */ = {
			isa = PBXSourcesBuildPhase;
			buildActionMask = 2147483647;
			files = (
				21419D601BF0826200CC145D /* ViewController.m in Sources */,
				21419D5D1BF0826200CC145D /* AppDelegate.m in Sources */,
				21419D5A1BF0826200CC145D /* main.m in Sources */,
			);
			runOnlyForDeploymentPostprocessing = 0;
		};
		21419D691BF0826200CC145D /* Sources */ = {
			isa = PBXSourcesBuildPhase;
			buildActionMask = 2147483647;
			files = (
				21419D741BF0826200CC145D /* testTests.m in Sources */,
			);
			runOnlyForDeploymentPostprocessing = 0;
		};
/* End PBXSourcesBuildPhase section */

/* Begin PBXTargetDependency section */
		21419D6F1BF0826200CC145D /* PBXTargetDependency */ = {
			isa = PBXTargetDependency;
			target = 21419D531BF0826200CC145D /* test */;
			targetProxy = 21419D6E1BF0826200CC145D /* PBXContainerItemProxy */;
		};
/* End PBXTargetDependency section */

/* Begin PBXVariantGroup section */
		21419D611BF0826200CC145D /* Main.storyboard */ = {
			isa = PBXVariantGroup;
			children = (
				21419D621BF0826200CC145D /* Base */,
			);
			name = Main.storyboard;
			sourceTree = "<group>";
		};
		21419D661BF0826200CC145D /* LaunchScreen.xib */ = {
			isa = PBXVariantGroup;
			children = (
				21419D671BF0826200CC145D /* Base */,
			);
			name = LaunchScreen.xib;
			sourceTree = "<group>";
		};
/* End PBXVariantGroup section */

/* Begin XCBuildConfiguration section */
		21419D751BF0826200CC145D /* Debug */ = {
			isa = XCBuildConfiguration;
			buildSettings = {
				ALWAYS_SEARCH_USER_PATHS = NO;
				CLANG_CXX_LANGUAGE_STANDARD = "gnu++0x";
				CLANG_CXX_LIBRARY = "libc++";
				CLANG_ENABLE_MODULES = YES;
				CLANG_ENABLE_OBJC_ARC = YES;
				CLANG_WARN_BOOL_CONVERSION = YES;
				CLANG_WARN_CONSTANT_CONVERSION = YES;
				CLANG_WARN_DIRECT_OBJC_ISA_USAGE = YES_ERROR;
				CLANG_WARN_EMPTY_BODY = YES;
				CLANG_WARN_ENUM_CONVERSION = YES;
				CLANG_WARN_INT_CONVERSION = YES;
				CLANG_WARN_OBJC_ROOT_CLASS = YES_ERROR;
				CLANG_WARN_UNREACHABLE_CODE = YES;
				CLANG_WARN__DUPLICATE_METHOD_MATCH = YES;
				"CODE_SIGN_IDENTITY[sdk=iphoneos*]" = "iPhone Developer";
				COPY_PHASE_STRIP = NO;
				DEBUG_INFORMATION_FORMAT = "dwarf-with-dsym";
				ENABLE_STRICT_OBJC_MSGSEND = YES;
				GCC_C_LANGUAGE_STANDARD = gnu99;
				GCC_DYNAMIC_NO_PIC = NO;
				GCC_NO_COMMON_BLOCKS = YES;
				GCC_OPTIMIZATION_LEVEL = 0;
				GCC_PREPROCESSOR_DEFINITIONS = (
					"DEBUG=1",
					"$(inherited)",
				);
				GCC_SYMBOLS_PRIVATE_EXTERN = NO;
				GCC_WARN_64_TO_32_BIT_CONVERSION = YES;
				GCC_WARN_ABOUT_RETURN_TYPE = YES_ERROR;
				GCC_WARN_UNDECLARED_SELECTOR = YES;
				GCC_WARN_UNINITIALIZED_AUTOS = YES_AGGRESSIVE;
				GCC_WARN_UNUSED_FUNCTION = YES;
				GCC_WARN_UNUSED_VARIABLE = YES;
				IPHONEOS_DEPLOYMENT_TARGET = 8.4;
				MTL_ENABLE_DEBUG_INFO = YES;
				ONLY_ACTIVE_ARCH = YES;
				SDKROOT = iphoneos;
				TARGETED_DEVICE_FAMILY = "1,2";
			};
			name = Debug;
		};
		21419D761BF0826200CC145D /* Release */ = {
			isa = XCBuildConfiguration;
			buildSettings = {
				ALWAYS_SEARCH_USER_PATHS = NO;
				CLANG_CXX_LANGUAGE_STANDARD = "gnu++0x";
				CLANG_CXX_LIBRARY = "libc++";
				CLANG_ENABLE_MODULES = YES;
				CLANG_ENABLE_OBJC_ARC = YES;
				CLANG_WARN_BOOL_CONVERSION = YES;
				CLANG_WARN_CONSTANT_CONVERSION = YES;
				CLANG_WARN_DIRECT_OBJC_ISA_USAGE = YES_ERROR;
				CLANG_WARN_EMPTY_BODY = YES;
				CLANG_WARN_ENUM_CONVERSION = YES;
				CLANG_WARN_INT_CONVERSION = YES;
				CLANG_WARN_OBJC_ROOT_CLASS = YES_ERROR;
				CLANG_WARN_UNREACHABLE_CODE = YES;
				CLANG_WARN__DUPLICATE_METHOD_MATCH = YES;
				"CODE_SIGN_IDENTITY[sdk=iphoneos*]" = "iPhone Developer";
				COPY_PHASE_STRIP = NO;
				DEBUG_INFORMATION_FORMAT = "dwarf-with-dsym";
				ENABLE_NS_ASSERTIONS = NO;
				ENABLE_STRICT_OBJC_MSGSEND = YES;
				GCC_C_LANGUAGE_STANDARD = gnu99;
				GCC_NO_COMMON_BLOCKS = YES;
				GCC_WARN_64_TO_32_BIT_CONVERSION = YES;
				GCC_WARN_ABOUT_RETURN_TYPE = YES_ERROR;
				GCC_WARN_UNDECLARED_SELECTOR = YES;
				GCC_WARN_UNINITIALIZED_AUTOS = YES_AGGRESSIVE;
				GCC_WARN_UNUSED_FUNCTION = YES;
				GCC_WARN_UNUSED_VARIABLE = YES;
				IPHONEOS_DEPLOYMENT_TARGET = 8.4;
				MTL_ENABLE_DEBUG_INFO = NO;
				SDKROOT = iphoneos;
				TARGETED_DEVICE_FAMILY = "1,2";
				VALIDATE_PRODUCT = YES;
			};
			name = Release;
		};
		21419D781BF0826200CC145D /* Debug */ = {
			isa = XCBuildConfiguration;
			buildSettings = {
				ASSETCATALOG_COMPILER_APPICON_NAME = AppIcon;
				INFOPLIST_FILE = test/Info.plist;
				LD_RUNPATH_SEARCH_PATHS = "$(inherited) @executable_path/Frameworks";
				PRODUCT_NAME = "$(TARGET_NAME)";
			};
			name = Debug;
		};
		21419D791BF0826200CC145D /* Release */ = {
			isa = XCBuildConfiguration;
			buildSettings = {
				ASSETCATALOG_COMPILER_APPICON_NAME = AppIcon;
				INFOPLIST_FILE = test/Info.plist;
				LD_RUNPATH_SEARCH_PATHS = "$(inherited) @executable_path/Frameworks";
				PRODUCT_NAME = "$(TARGET_NAME)";
			};
			name = Release;
		};
		21419D7B1BF0826200CC145D /* Debug */ = {
			isa = XCBuildConfiguration;
			buildSettings = {
				BUNDLE_LOADER = "$(TEST_HOST)";
				FRAMEWORK_SEARCH_PATHS = (
					"$(SDKROOT)/Developer/Library/Frameworks",
					"$(inherited)",
				);
				GCC_PREPROCESSOR_DEFINITIONS = (
					"DEBUG=1",
					"$(inherited)",
				);
				INFOPLIST_FILE = testTests/Info.plist;
				LD_RUNPATH_SEARCH_PATHS = "$(inherited) @executable_path/Frameworks @loader_path/Frameworks";
				PRODUCT_NAME = "$(TARGET_NAME)";
				TEST_HOST = "$(BUILT_PRODUCTS_DIR)/test.app/test";
			};
			name = Debug;
		};
		21419D7C1BF0826200CC145D /* Release */ = {
			isa = XCBuildConfiguration;
			buildSettings = {
				BUNDLE_LOADER = "$(TEST_HOST)";
				FRAMEWORK_SEARCH_PATHS = (
					"$(SDKROOT)/Developer/Library/Frameworks",
					"$(inherited)",
				);
				INFOPLIST_FILE = testTests/Info.plist;
				LD_RUNPATH_SEARCH_PATHS = "$(inherited) @executable_path/Frameworks @loader_path/Frameworks";
				PRODUCT_NAME = "$(TARGET_NAME)";
				TEST_HOST = "$(BUILT_PRODUCTS_DIR)/test.app/test";
			};
			name = Release;
		};
/* End XCBuildConfiguration section */

/* Begin XCConfigurationList section */
		21419D4F1BF0826200CC145D /* Build configuration list for PBXProject "test" */ = {
			isa = XCConfigurationList;
			buildConfigurations = (
				21419D751BF0826200CC145D /* Debug */,
				21419D761BF0826200CC145D /* Release */,
			);
			defaultConfigurationIsVisible = 0;
			defaultConfigurationName = Release;
		};
		21419D771BF0826200CC145D /* Build configuration list for PBXNativeTarget "test" */ = {
			isa = XCConfigurationList;
			buildConfigurations = (
				21419D781BF0826200CC145D /* Debug */,
				21419D791BF0826200CC145D /* Release */,
			);
			defaultConfigurationIsVisible = 0;
		};
		21419D7A1BF0826200CC145D /* Build configuration list for PBXNativeTarget "testTests" */ = {
			isa = XCConfigurationList;
			buildConfigurations = (
				21419D7B1BF0826200CC145D /* Debug */,
				21419D7C1BF0826200CC145D /* Release */,
			);
			defaultConfigurationIsVisible = 0;
		};
/* End XCConfigurationList section */
	};
	rootObject = 21419D4C1BF0826200CC145D /* Project object */;
}
